
Microsoft Visual Studio Solution File, Format Version 12.00
# Visual Studio Version 17
VisualStudioVersion = 17.0.32112.339
MinimumVisualStudioVersion = 10.0.40219.1
Project("{FAE04EC0-301F-11D3-BF4B-00C04F79EFBC}") = "AnalyzeApp", "AnalyzeApp\AnalyzeApp.csproj", "{D3437DAD-045C-485D-A468-CA436B0316E4}"
EndProject
Project("{FAE04EC0-301F-11D3-BF4B-00C04F79EFBC}") = "AnalyzeApp.Common", "AnalyzeApp.Common\AnalyzeApp.Common.csproj", "{5D6AF417-761C-4E6A-964C-8CE7833402C7}"
EndProject
Project("{FAE04EC0-301F-11D3-BF4B-00C04F79EFBC}") = "AnalyzeApp.Model", "AnalyzeApp.Model\AnalyzeApp.Model.csproj", "{50748437-C6C2-4062-AC96-D41F3627B76B}"
EndProject
Project("{FAE04EC0-301F-11D3-BF4B-00C04F79EFBC}") = "AnalyzeApp.GenCode", "AnalyzeApp.GenCode\AnalyzeApp.GenCode.csproj", "{D0D2CE68-9274-4365-AC1F-40952C6ABABF}"
EndProject
Project("{FAE04EC0-301F-11D3-BF4B-00C04F79EFBC}") = "AnalyzeApp.Telegram", "AnalyzeApp.Telegram\AnalyzeApp.Telegram.csproj", "{EAF68189-B6A0-4EB9-B020-EACB60E4AA9B}"
EndProject
Project("{FAE04EC0-301F-11D3-BF4B-00C04F79EFBC}") = "AnalyzeApp.TelegramService", "AnalyzeApp.TelegramService\AnalyzeApp.TelegramService.csproj", "{A8358901-92F7-440F-B900-8730446F9929}"
EndProject
Project("{2150E333-8FDC-42A3-9474-1A3956D46DE8}") = "netcore", "netcore", "{7F1AE01D-030D-467F-BC15-4AE30F4C7AC7}"
EndProject
Project("{2150E333-8FDC-42A3-9474-1A3956D46DE8}") = "netframework", "netframework", "{AA07A065-30B8-4B8C-9847-7A89EC3B4058}"
EndProject
Project("{9A19103F-16F7-4668-BE54-9A1E7A4F7556}") = "AnalyzeApp.API", "AnalyzeApp.API\AnalyzeApp.API.csproj", "{C20A2ED2-2101-4A3A-9377-3867119D6E4B}"
EndProject
Project("{FAE04EC0-301F-11D3-BF4B-00C04F79EFBC}") = "AnalyzeApp.DataService", "AnalyzeApp.DataService\AnalyzeApp.DataService.csproj", "{6DE601CA-84FF-43C3-9E99-05808C1FC45B}"
EndProject
Global
	GlobalSection(SolutionConfigurationPlatforms) = preSolution
		Debug|Any CPU = Debug|Any CPU
		Release|Any CPU = Release|Any CPU
	EndGlobalSection
	GlobalSection(ProjectConfigurationPlatforms) = postSolution
		{D3437DAD-045C-485D-A468-CA436B0316E4}.Debug|Any CPU.ActiveCfg = Debug|Any CPU
		{D3437DAD-045C-485D-A468-CA436B0316E4}.Debug|Any CPU.Build.0 = Debug|Any CPU
		{D3437DAD-045C-485D-A468-CA436B0316E4}.Release|Any CPU.ActiveCfg = Release|Any CPU
		{D3437DAD-045C-485D-A468-CA436B0316E4}.Release|Any CPU.Build.0 = Release|Any CPU
		{5D6AF417-761C-4E6A-964C-8CE7833402C7}.Debug|Any CPU.ActiveCfg = Debug|Any CPU
		{5D6AF417-761C-4E6A-964C-8CE7833402C7}.Debug|Any CPU.Build.0 = Debug|Any CPU
		{5D6AF417-761C-4E6A-964C-8CE7833402C7}.Release|Any CPU.ActiveCfg = Release|Any CPU
		{5D6AF417-761C-4E6A-964C-8CE7833402C7}.Release|Any CPU.Build.0 = Release|Any CPU
		{50748437-C6C2-4062-AC96-D41F3627B76B}.Debug|Any CPU.ActiveCfg = Debug|Any CPU
		{50748437-C6C2-4062-AC96-D41F3627B76B}.Debug|Any CPU.Build.0 = Debug|Any CPU
		{50748437-C6C2-4062-AC96-D41F3627B76B}.Release|Any CPU.ActiveCfg = Release|Any CPU
		{50748437-C6C2-4062-AC96-D41F3627B76B}.Release|Any CPU.Build.0 = Release|Any CPU
		{D0D2CE68-9274-4365-AC1F-40952C6ABABF}.Debug|Any CPU.ActiveCfg = Debug|Any CPU
		{D0D2CE68-9274-4365-AC1F-40952C6ABABF}.Debug|Any CPU.Build.0 = Debug|Any CPU
		{D0D2CE68-9274-4365-AC1F-40952C6ABABF}.Release|Any CPU.ActiveCfg = Release|Any CPU
		{D0D2CE68-9274-4365-AC1F-40952C6ABABF}.Release|Any CPU.Build.0 = Release|Any CPU
		{EAF68189-B6A0-4EB9-B020-EACB60E4AA9B}.Debug|Any CPU.ActiveCfg = Debug|Any CPU
		{EAF68189-B6A0-4EB9-B020-EACB60E4AA9B}.Debug|Any CPU.Build.0 = Debug|Any CPU
		{EAF68189-B6A0-4EB9-B020-EACB60E4AA9B}.Release|Any CPU.ActiveCfg = Release|Any CPU
		{EAF68189-B6A0-4EB9-B020-EACB60E4AA9B}.Release|Any CPU.Build.0 = Release|Any CPU
		{A8358901-92F7-440F-B900-8730446F9929}.Debug|Any CPU.ActiveCfg = Debug|Any CPU
		{A8358901-92F7-440F-B900-8730446F9929}.Debug|Any CPU.Build.0 = Debug|Any CPU
		{A8358901-92F7-440F-B900-8730446F9929}.Release|Any CPU.ActiveCfg = Release|Any CPU
		{A8358901-92F7-440F-B900-8730446F9929}.Release|Any CPU.Build.0 = Release|Any CPU
		{C20A2ED2-2101-4A3A-9377-3867119D6E4B}.Debug|Any CPU.ActiveCfg = Debug|Any CPU
		{C20A2ED2-2101-4A3A-9377-3867119D6E4B}.Debug|Any CPU.Build.0 = Debug|Any CPU
		{C20A2ED2-2101-4A3A-9377-3867119D6E4B}.Release|Any CPU.ActiveCfg = Release|Any CPU
		{C20A2ED2-2101-4A3A-9377-3867119D6E4B}.Release|Any CPU.Build.0 = Release|Any CPU
		{6DE601CA-84FF-43C3-9E99-05808C1FC45B}.Debug|Any CPU.ActiveCfg = Debug|Any CPU
		{6DE601CA-84FF-43C3-9E99-05808C1FC45B}.Debug|Any CPU.Build.0 = Debug|Any CPU
		{6DE601CA-84FF-43C3-9E99-05808C1FC45B}.Release|Any CPU.ActiveCfg = Release|Any CPU
		{6DE601CA-84FF-43C3-9E99-05808C1FC45B}.Release|Any CPU.Build.0 = Release|Any CPU
	EndGlobalSection
	GlobalSection(SolutionProperties) = preSolution
		HideSolutionNode = FALSE
	EndGlobalSection
	GlobalSection(NestedProjects) = preSolution
		{D3437DAD-045C-485D-A468-CA436B0316E4} = {AA07A065-30B8-4B8C-9847-7A89EC3B4058}
		{5D6AF417-761C-4E6A-964C-8CE7833402C7} = {AA07A065-30B8-4B8C-9847-7A89EC3B4058}
		{50748437-C6C2-4062-AC96-D41F3627B76B} = {AA07A065-30B8-4B8C-9847-7A89EC3B4058}
		{D0D2CE68-9274-4365-AC1F-40952C6ABABF} = {AA07A065-30B8-4B8C-9847-7A89EC3B4058}
		{EAF68189-B6A0-4EB9-B020-EACB60E4AA9B} = {AA07A065-30B8-4B8C-9847-7A89EC3B4058}
		{A8358901-92F7-440F-B900-8730446F9929} = {AA07A065-30B8-4B8C-9847-7A89EC3B4058}
		{C20A2ED2-2101-4A3A-9377-3867119D6E4B} = {7F1AE01D-030D-467F-BC15-4AE30F4C7AC7}
		{6DE601CA-84FF-43C3-9E99-05808C1FC45B} = {AA07A065-30B8-4B8C-9847-7A89EC3B4058}
	EndGlobalSection
	GlobalSection(ExtensibilityGlobals) = postSolution
		SolutionGuid = {2A2A98C6-4BB1-4233-AEF7-5C7DC292E643}
	EndGlobalSection
EndGlobal
